
Microsoft Visual Studio Solution File, Format Version 12.00
# Visual Studio Version 17
VisualStudioVersion = 17.11.35222.181
MinimumVisualStudioVersion = 10.0.40219.1
Project("{9A19103F-16F7-4668-BE54-9A1E7A4F7556}") = "tech-test", "tech-test\tech-test.csproj", "{E443B86A-743F-4F68-BA2C-DA0BB791AD47}"
EndProject
Project("{FAE04EC0-301F-11D3-BF4B-00C04F79EFBC}") = "tech-test-unit-tests", "tech-test-unit-tests\tech-test-unit-tests.csproj", "{0DB6DA66-326D-45D3-AB32-D5EA6A5E5FA6}"
EndProject
Global
	GlobalSection(SolutionConfigurationPlatforms) = preSolution
		Debug|Any CPU = Debug|Any CPU
		Release|Any CPU = Release|Any CPU
	EndGlobalSection
	GlobalSection(ProjectConfigurationPlatforms) = postSolution
		{E443B86A-743F-4F68-BA2C-DA0BB791AD47}.Debug|Any CPU.ActiveCfg = Debug|Any CPU
		{E443B86A-743F-4F68-BA2C-DA0BB791AD47}.Debug|Any CPU.Build.0 = Debug|Any CPU
		{E443B86A-743F-4F68-BA2C-DA0BB791AD47}.Release|Any CPU.ActiveCfg = Release|Any CPU
		{E443B86A-743F-4F68-BA2C-DA0BB791AD47}.Release|Any CPU.Build.0 = Release|Any CPU
		{0DB6DA66-326D-45D3-AB32-D5EA6A5E5FA6}.Debug|Any CPU.ActiveCfg = Debug|Any CPU
		{0DB6DA66-326D-45D3-AB32-D5EA6A5E5FA6}.Debug|Any CPU.Build.0 = Debug|Any CPU
		{0DB6DA66-326D-45D3-AB32-D5EA6A5E5FA6}.Release|Any CPU.ActiveCfg = Release|Any CPU
		{0DB6DA66-326D-45D3-AB32-D5EA6A5E5FA6}.Release|Any CPU.Build.0 = Release|Any CPU
	EndGlobalSection
	GlobalSection(SolutionProperties) = preSolution
		HideSolutionNode = FALSE
	EndGlobalSection
	GlobalSection(ExtensibilityGlobals) = postSolution
		SolutionGuid = {BA6C6F9A-643D-452F-B7D1-045DA1FA1772}
	EndGlobalSection
EndGlobal
